// !$*UTF8*$!
{
	archiveVersion = 1;
	classes = {
	};
	objectVersion = 46;
	objects = {

/* Begin PBXBuildFile section */
		7725AE0A1BB497D90017D841 /* main.m in Sources */ = {isa = PBXBuildFile; fileRef = 7725AE091BB497D90017D841 /* main.m */; };
		7725AE0D1BB497D90017D841 /* AppDelegate.m in Sources */ = {isa = PBXBuildFile; fileRef = 7725AE0C1BB497D90017D841 /* AppDelegate.m */; };
		7725AE101BB497D90017D841 /* ViewController.m in Sources */ = {isa = PBXBuildFile; fileRef = 7725AE0F1BB497D90017D841 /* ViewController.m */; };
		7725AE131BB497D90017D841 /* Main.storyboard in Resources */ = {isa = PBXBuildFile; fileRef = 7725AE111BB497D90017D841 /* Main.storyboard */; };
		7725AE151BB497D90017D841 /* Images.xcassets in Resources */ = {isa = PBXBuildFile; fileRef = 7725AE141BB497D90017D841 /* Images.xcassets */; };
		7725AE181BB497D90017D841 /* LaunchScreen.xib in Resources */ = {isa = PBXBuildFile; fileRef = 7725AE161BB497D90017D841 /* LaunchScreen.xib */; };
		7725AE241BB497D90017D841 /* Lesson4HWTests.m in Sources */ = {isa = PBXBuildFile; fileRef = 7725AE231BB497D90017D841 /* Lesson4HWTests.m */; };
		7759DF411BB5631200435832 /* Animathion.m in Sources */ = {isa = PBXBuildFile; fileRef = 7759DF401BB5631200435832 /* Animathion.m */; };
/* End PBXBuildFile section */

/* Begin PBXContainerItemProxy section */
		7725AE1E1BB497D90017D841 /* PBXContainerItemProxy */ = {
			isa = PBXContainerItemProxy;
			containerPortal = 7725ADFC1BB497D90017D841 /* Project object */;
			proxyType = 1;
			remoteGlobalIDString = 7725AE031BB497D90017D841;
			remoteInfo = Lesson4HW;
		};
/* End PBXContainerItemProxy section */

/* Begin PBXFileReference section */
		7725AE041BB497D90017D841 /* Lesson4HW.app */ = {isa = PBXFileReference; explicitFileType = wrapper.application; includeInIndex = 0; path = Lesson4HW.app; sourceTree = BUILT_PRODUCTS_DIR; };
		7725AE081BB497D90017D841 /* Info.plist */ = {isa = PBXFileReference; lastKnownFileType = text.plist.xml; path = Info.plist; sourceTree = "<group>"; };
		7725AE091BB497D90017D841 /* main.m */ = {isa = PBXFileReference; lastKnownFileType = sourcecode.c.objc; path = main.m; sourceTree = "<group>"; };
		7725AE0B1BB497D90017D841 /* AppDelegate.h */ = {isa = PBXFileReference; lastKnownFileType = sourcecode.c.h; path = AppDelegate.h; sourceTree = "<group>"; };
		7725AE0C1BB497D90017D841 /* AppDelegate.m */ = {isa = PBXFileReference; lastKnownFileType = sourcecode.c.objc; path = AppDelegate.m; sourceTree = "<group>"; };
		7725AE0E1BB497D90017D841 /* ViewController.h */ = {isa = PBXFileReference; lastKnownFileType = sourcecode.c.h; path = ViewController.h; sourceTree = "<group>"; };
		7725AE0F1BB497D90017D841 /* ViewController.m */ = {isa = PBXFileReference; lastKnownFileType = sourcecode.c.objc; path = ViewController.m; sourceTree = "<group>"; };
		7725AE121BB497D90017D841 /* Base */ = {isa = PBXFileReference; lastKnownFileType = file.storyboard; name = Base; path = Base.lproj/Main.storyboard; sourceTree = "<group>"; };
		7725AE141BB497D90017D841 /* Images.xcassets */ = {isa = PBXFileReference; lastKnownFileType = folder.assetcatalog; path = Images.xcassets; sourceTree = "<group>"; };
		7725AE171BB497D90017D841 /* Base */ = {isa = PBXFileReference; lastKnownFileType = file.xib; name = Base; path = Base.lproj/LaunchScreen.xib; sourceTree = "<group>"; };
		7725AE1D1BB497D90017D841 /* Lesson4HWTests.xctest */ = {isa = PBXFileReference; explicitFileType = wrapper.cfbundle; includeInIndex = 0; path = Lesson4HWTests.xctest; sourceTree = BUILT_PRODUCTS_DIR; };
		7725AE221BB497D90017D841 /* Info.plist */ = {isa = PBXFileReference; lastKnownFileType = text.plist.xml; path = Info.plist; sourceTree = "<group>"; };
		7725AE231BB497D90017D841 /* Lesson4HWTests.m */ = {isa = PBXFileReference; lastKnownFileType = sourcecode.c.objc; path = Lesson4HWTests.m; sourceTree = "<group>"; };
		7759DF3F1BB5631200435832 /* Animathion.h */ = {isa = PBXFileReference; fileEncoding = 4; lastKnownFileType = sourcecode.c.h; path = Animathion.h; sourceTree = "<group>"; };
		7759DF401BB5631200435832 /* Animathion.m */ = {isa = PBXFileReference; fileEncoding = 4; lastKnownFileType = sourcecode.c.objc; path = Animathion.m; sourceTree = "<group>"; };
/* End PBXFileReference section */

/* Begin PBXFrameworksBuildPhase section */
		7725AE011BB497D90017D841 /* Frameworks */ = {
			isa = PBXFrameworksBuildPhase;
			buildActionMask = 2147483647;
			files = (
			);
			runOnlyForDeploymentPostprocessing = 0;
		};
		7725AE1A1BB497D90017D841 /* Frameworks */ = {
			isa = PBXFrameworksBuildPhase;
			buildActionMask = 2147483647;
			files = (
			);
			runOnlyForDeploymentPostprocessing = 0;
		};
/* End PBXFrameworksBuildPhase section */

/* Begin PBXGroup section */
		7725ADFB1BB497D90017D841 = {
			isa = PBXGroup;
			children = (
				7725AE061BB497D90017D841 /* Lesson4HW */,
				7725AE201BB497D90017D841 /* Lesson4HWTests */,
				7725AE051BB497D90017D841 /* Products */,
			);
			sourceTree = "<group>";
		};
		7725AE051BB497D90017D841 /* Products */ = {
			isa = PBXGroup;
			children = (
				7725AE041BB497D90017D841 /* Lesson4HW.app */,
				7725AE1D1BB497D90017D841 /* Lesson4HWTests.xctest */,
			);
			name = Products;
			sourceTree = "<group>";
		};
		7725AE061BB497D90017D841 /* Lesson4HW */ = {
			isa = PBXGroup;
			children = (
				7759DF3F1BB5631200435832 /* Animathion.h */,
				7759DF401BB5631200435832 /* Animathion.m */,
				7725AE0B1BB497D90017D841 /* AppDelegate.h */,
				7725AE0C1BB497D90017D841 /* AppDelegate.m */,
				7725AE0E1BB497D90017D841 /* ViewController.h */,
				7725AE0F1BB497D90017D841 /* ViewController.m */,
				7725AE111BB497D90017D841 /* Main.storyboard */,
				7725AE141BB497D90017D841 /* Images.xcassets */,
				7725AE161BB497D90017D841 /* LaunchScreen.xib */,
				7725AE071BB497D90017D841 /* Supporting Files */,
			);
			path = Lesson4HW;
			sourceTree = "<group>";
		};
		7725AE071BB497D90017D841 /* Supporting Files */ = {
			isa = PBXGroup;
			children = (
				7725AE081BB497D90017D841 /* Info.plist */,
				7725AE091BB497D90017D841 /* main.m */,
			);
			name = "Supporting Files";
			sourceTree = "<group>";
		};
		7725AE201BB497D90017D841 /* Lesson4HWTests */ = {
			isa = PBXGroup;
			children = (
				7725AE231BB497D90017D841 /* Lesson4HWTests.m */,
				7725AE211BB497D90017D841 /* Supporting Files */,
			);
			path = Lesson4HWTests;
			sourceTree = "<group>";
		};
		7725AE211BB497D90017D841 /* Supporting Files */ = {
			isa = PBXGroup;
			children = (
				7725AE221BB497D90017D841 /* Info.plist */,
			);
			name = "Supporting Files";
			sourceTree = "<group>";
		};
/* End PBXGroup section */

/* Begin PBXNativeTarget section */
		7725AE031BB497D90017D841 /* Lesson4HW */ = {
			isa = PBXNativeTarget;
			buildConfigurationList = 7725AE271BB497D90017D841 /* Build configuration list for PBXNativeTarget "Lesson4HW" */;
			buildPhases = (
				7725AE001BB497D90017D841 /* Sources */,
				7725AE011BB497D90017D841 /* Frameworks */,
				7725AE021BB497D90017D841 /* Resources */,
			);
			buildRules = (
			);
			dependencies = (
			);
			name = Lesson4HW;
			productName = Lesson4HW;
			productReference = 7725AE041BB497D90017D841 /* Lesson4HW.app */;
			productType = "com.apple.product-type.application";
		};
		7725AE1C1BB497D90017D841 /* Lesson4HWTests */ = {
			isa = PBXNativeTarget;
			buildConfigurationList = 7725AE2A1BB497D90017D841 /* Build configuration list for PBXNativeTarget "Lesson4HWTests" */;
			buildPhases = (
				7725AE191BB497D90017D841 /* Sources */,
				7725AE1A1BB497D90017D841 /* Frameworks */,
				7725AE1B1BB497D90017D841 /* Resources */,
			);
			buildRules = (
			);
			dependencies = (
				7725AE1F1BB497D90017D841 /* PBXTargetDependency */,
			);
			name = Lesson4HWTests;
			productName = Lesson4HWTests;
			productReference = 7725AE1D1BB497D90017D841 /* Lesson4HWTests.xctest */;
			productType = "com.apple.product-type.bundle.unit-test";
		};
/* End PBXNativeTarget section */

/* Begin PBXProject section */
		7725ADFC1BB497D90017D841 /* Project object */ = {
			isa = PBXProject;
			attributes = {
				LastUpgradeCheck = 0640;
				ORGANIZATIONNAME = Viktor;
				TargetAttributes = {
					7725AE031BB497D90017D841 = {
						CreatedOnToolsVersion = 6.4;
					};
					7725AE1C1BB497D90017D841 = {
						CreatedOnToolsVersion = 6.4;
						TestTargetID = 7725AE031BB497D90017D841;
					};
				};
			};
			buildConfigurationList = 7725ADFF1BB497D90017D841 /* Build configuration list for PBXProject "Lesson4HW" */;
			compatibilityVersion = "Xcode 3.2";
			developmentRegion = English;
			hasScannedForEncodings = 0;
			knownRegions = (
				en,
				Base,
			);
			mainGroup = 7725ADFB1BB497D90017D841;
			productRefGroup = 7725AE051BB497D90017D841 /* Products */;
			projectDirPath = "";
			projectRoot = "";
			targets = (
				7725AE031BB497D90017D841 /* Lesson4HW */,
				7725AE1C1BB497D90017D841 /* Lesson4HWTests */,
			);
		};
/* End PBXProject section */

/* Begin PBXResourcesBuildPhase section */
		7725AE021BB497D90017D841 /* Resources */ = {
			isa = PBXResourcesBuildPhase;
			buildActionMask = 2147483647;
			files = (
				7725AE131BB497D90017D841 /* Main.storyboard in Resources */,
				7725AE181BB497D90017D841 /* LaunchScreen.xib in Resources */,
				7725AE151BB497D90017D841 /* Images.xcassets in Resources */,
			);
			runOnlyForDeploymentPostprocessing = 0;
		};
		7725AE1B1BB497D90017D841 /* Resources */ = {
			isa = PBXResourcesBuildPhase;
			buildActionMask = 2147483647;
			files = (
			);
			runOnlyForDeploymentPostprocessing = 0;
		};
/* End PBXResourcesBuildPhase section */

/* Begin PBXSourcesBuildPhase section */
		7725AE001BB497D90017D841 /* Sources */ = {
			isa = PBXSourcesBuildPhase;
			buildActionMask = 2147483647;
			files = (
				7725AE101BB497D90017D841 /* ViewController.m in Sources */,
				7725AE0D1BB497D90017D841 /* AppDelegate.m in Sources */,
				7725AE0A1BB497D90017D841 /* main.m in Sources */,
				7759DF411BB5631200435832 /* Animathion.m in Sources */,
			);
			runOnlyForDeploymentPostprocessing = 0;
		};
		7725AE191BB497D90017D841 /* Sources */ = {
			isa = PBXSourcesBuildPhase;
			buildActionMask = 2147483647;
			files = (
				7725AE241BB497D90017D841 /* Lesson4HWTests.m in Sources */,
			);
			runOnlyForDeploymentPostprocessing = 0;
		};
/* End PBXSourcesBuildPhase section */

/* Begin PBXTargetDependency section */
		7725AE1F1BB497D90017D841 /* PBXTargetDependency */ = {
			isa = PBXTargetDependency;
			target = 7725AE031BB497D90017D841 /* Lesson4HW */;
			targetProxy = 7725AE1E1BB497D90017D841 /* PBXContainerItemProxy */;
		};
/* End PBXTargetDependency section */

/* Begin PBXVariantGroup section */
		7725AE111BB497D90017D841 /* Main.storyboard */ = {
			isa = PBXVariantGroup;
			children = (
				7725AE121BB497D90017D841 /* Base */,
			);
			name = Main.storyboard;
			sourceTree = "<group>";
		};
		7725AE161BB497D90017D841 /* LaunchScreen.xib */ = {
			isa = PBXVariantGroup;
			children = (
				7725AE171BB497D90017D841 /* Base */,
			);
			name = LaunchScreen.xib;
			sourceTree = "<group>";
		};
/* End PBXVariantGroup section */

/* Begin XCBuildConfiguration section */
		7725AE251BB497D90017D841 /* Debug */ = {
			isa = XCBuildConfiguration;
			buildSettings = {
				ALWAYS_SEARCH_USER_PATHS = NO;
				CLANG_CXX_LANGUAGE_STANDARD = "gnu++0x";
				CLANG_CXX_LIBRARY = "libc++";
				CLANG_ENABLE_MODULES = YES;
				CLANG_ENABLE_OBJC_ARC = YES;
				CLANG_WARN_BOOL_CONVERSION = YES;
				CLANG_WARN_CONSTANT_CONVERSION = YES;
				CLANG_WARN_DIRECT_OBJC_ISA_USAGE = YES_ERROR;
				CLANG_WARN_EMPTY_BODY = YES;
				CLANG_WARN_ENUM_CONVERSION = YES;
				CLANG_WARN_INT_CONVERSION = YES;
				CLANG_WARN_OBJC_ROOT_CLASS = YES_ERROR;
				CLANG_WARN_UNREACHABLE_CODE = YES;
				CLANG_WARN__DUPLICATE_METHOD_MATCH = YES;
				"CODE_SIGN_IDENTITY[sdk=iphoneos*]" = "iPhone Developer";
				COPY_PHASE_STRIP = NO;
				DEBUG_INFORMATION_FORMAT = "dwarf-with-dsym";
				ENABLE_STRICT_OBJC_MSGSEND = YES;
				GCC_C_LANGUAGE_STANDARD = gnu99;
				GCC_DYNAMIC_NO_PIC = NO;
				GCC_NO_COMMON_BLOCKS = YES;
				GCC_OPTIMIZATION_LEVEL = 0;
				GCC_PREPROCESSOR_DEFINITIONS = (
					"DEBUG=1",
					"$(inherited)",
				);
				GCC_SYMBOLS_PRIVATE_EXTERN = NO;
				GCC_WARN_64_TO_32_BIT_CONVERSION = YES;
				GCC_WARN_ABOUT_RETURN_TYPE = YES_ERROR;
				GCC_WARN_UNDECLARED_SELECTOR = YES;
				GCC_WARN_UNINITIALIZED_AUTOS = YES_AGGRESSIVE;
				GCC_WARN_UNUSED_FUNCTION = YES;
				GCC_WARN_UNUSED_VARIABLE = YES;
				IPHONEOS_DEPLOYMENT_TARGET = 8.4;
				MTL_ENABLE_DEBUG_INFO = YES;
				ONLY_ACTIVE_ARCH = YES;
				SDKROOT = iphoneos;
			};
			name = Debug;
		};
		7725AE261BB497D90017D841 /* Release */ = {
			isa = XCBuildConfiguration;
			buildSettings = {
				ALWAYS_SEARCH_USER_PATHS = NO;
				CLANG_CXX_LANGUAGE_STANDARD = "gnu++0x";
				CLANG_CXX_LIBRARY = "libc++";
				CLANG_ENABLE_MODULES = YES;
				CLANG_ENABLE_OBJC_ARC = YES;
				CLANG_WARN_BOOL_CONVERSION = YES;
				CLANG_WARN_CONSTANT_CONVERSION = YES;
				CLANG_WARN_DIRECT_OBJC_ISA_USAGE = YES_ERROR;
				CLANG_WARN_EMPTY_BODY = YES;
				CLANG_WARN_ENUM_CONVERSION = YES;
				CLANG_WARN_INT_CONVERSION = YES;
				CLANG_WARN_OBJC_ROOT_CLASS = YES_ERROR;
				CLANG_WARN_UNREACHABLE_CODE = YES;
				CLANG_WARN__DUPLICATE_METHOD_MATCH = YES;
				"CODE_SIGN_IDENTITY[sdk=iphoneos*]" = "iPhone Developer";
				COPY_PHASE_STRIP = NO;
				DEBUG_INFORMATION_FORMAT = "dwarf-with-dsym";
				ENABLE_NS_ASSERTIONS = NO;
				ENABLE_STRICT_OBJC_MSGSEND = YES;
				GCC_C_LANGUAGE_STANDARD = gnu99;
				GCC_NO_COMMON_BLOCKS = YES;
				GCC_WARN_64_TO_32_BIT_CONVERSION = YES;
				GCC_WARN_ABOUT_RETURN_TYPE = YES_ERROR;
				GCC_WARN_UNDECLARED_SELECTOR = YES;
				GCC_WARN_UNINITIALIZED_AUTOS = YES_AGGRESSIVE;
				GCC_WARN_UNUSED_FUNCTION = YES;
				GCC_WARN_UNUSED_VARIABLE = YES;
				IPHONEOS_DEPLOYMENT_TARGET = 8.4;
				MTL_ENABLE_DEBUG_INFO = NO;
				SDKROOT = iphoneos;
				VALIDATE_PRODUCT = YES;
			};
			name = Release;
		};
		7725AE281BB497D90017D841 /* Debug */ = {
			isa = XCBuildConfiguration;
			buildSettings = {
				ASSETCATALOG_COMPILER_APPICON_NAME = AppIcon;
				INFOPLIST_FILE = Lesson4HW/Info.plist;
				LD_RUNPATH_SEARCH_PATHS = "$(inherited) @executable_path/Frameworks";
				PRODUCT_NAME = "$(TARGET_NAME)";
			};
			name = Debug;
		};
		7725AE291BB497D90017D841 /* Release */ = {
			isa = XCBuildConfiguration;
			buildSettings = {
				ASSETCATALOG_COMPILER_APPICON_NAME = AppIcon;
				INFOPLIST_FILE = Lesson4HW/Info.plist;
				LD_RUNPATH_SEARCH_PATHS = "$(inherited) @executable_path/Frameworks";
				PRODUCT_NAME = "$(TARGET_NAME)";
			};
			name = Release;
		};
		7725AE2B1BB497D90017D841 /* Debug */ = {
			isa = XCBuildConfiguration;
			buildSettings = {
				BUNDLE_LOADER = "$(TEST_HOST)";
				FRAMEWORK_SEARCH_PATHS = (
					"$(SDKROOT)/Developer/Library/Frameworks",
					"$(inherited)",
				);
				GCC_PREPROCESSOR_DEFINITIONS = (
					"DEBUG=1",
					"$(inherited)",
				);
				INFOPLIST_FILE = Lesson4HWTests/Info.plist;
				LD_RUNPATH_SEARCH_PATHS = "$(inherited) @executable_path/Frameworks @loader_path/Frameworks";
				PRODUCT_NAME = "$(TARGET_NAME)";
				TEST_HOST = "$(BUILT_PRODUCTS_DIR)/Lesson4HW.app/Lesson4HW";
			};
			name = Debug;
		};
		7725AE2C1BB497D90017D841 /* Release */ = {
			isa = XCBuildConfiguration;
			buildSettings = {
				BUNDLE_LOADER = "$(TEST_HOST)";
				FRAMEWORK_SEARCH_PATHS = (
					"$(SDKROOT)/Developer/Library/Frameworks",
					"$(inherited)",
				);
				INFOPLIST_FILE = Lesson4HWTests/Info.plist;
				LD_RUNPATH_SEARCH_PATHS = "$(inherited) @executable_path/Frameworks @loader_path/Frameworks";
				PRODUCT_NAME = "$(TARGET_NAME)";
				TEST_HOST = "$(BUILT_PRODUCTS_DIR)/Lesson4HW.app/Lesson4HW";
			};
			name = Release;
		};
/* End XCBuildConfiguration section */

/* Begin XCConfigurationList section */
		7725ADFF1BB497D90017D841 /* Build configuration list for PBXProject "Lesson4HW" */ = {
			isa = XCConfigurationList;
			buildConfigurations = (
				7725AE251BB497D90017D841 /* Debug */,
				7725AE261BB497D90017D841 /* Release */,
			);
			defaultConfigurationIsVisible = 0;
			defaultConfigurationName = Release;
		};
		7725AE271BB497D90017D841 /* Build configuration list for PBXNativeTarget "Lesson4HW" */ = {
			isa = XCConfigurationList;
			buildConfigurations = (
				7725AE281BB497D90017D841 /* Debug */,
				7725AE291BB497D90017D841 /* Release */,
			);
			defaultConfigurationIsVisible = 0;
			defaultConfigurationName = Release;
		};
		7725AE2A1BB497D90017D841 /* Build configuration list for PBXNativeTarget "Lesson4HWTests" */ = {
			isa = XCConfigurationList;
			buildConfigurations = (
				7725AE2B1BB497D90017D841 /* Debug */,
				7725AE2C1BB497D90017D841 /* Release */,
			);
			defaultConfigurationIsVisible = 0;
			defaultConfigurationName = Release;
		};
/* End XCConfigurationList section */
	};
	rootObject = 7725ADFC1BB497D90017D841 /* Project object */;
}
