// !$*UTF8*$!
{
	archiveVersion = 1;
	classes = {
	};
	objectVersion = 46;
	objects = {

/* Begin PBXBuildFile section */
		77FFC8B21B74D65D009843D6 /* main.m in Sources */ = {isa = PBXBuildFile; fileRef = 77FFC8B11B74D65D009843D6 /* main.m */; };
		77FFC8B51B74D65D009843D6 /* AppDelegate.m in Sources */ = {isa = PBXBuildFile; fileRef = 77FFC8B41B74D65D009843D6 /* AppDelegate.m */; };
		77FFC8B81B74D65D009843D6 /* ViewController.m in Sources */ = {isa = PBXBuildFile; fileRef = 77FFC8B71B74D65D009843D6 /* ViewController.m */; };
		77FFC8BB1B74D65D009843D6 /* Main.storyboard in Resources */ = {isa = PBXBuildFile; fileRef = 77FFC8B91B74D65D009843D6 /* Main.storyboard */; };
		77FFC8BD1B74D65D009843D6 /* Images.xcassets in Resources */ = {isa = PBXBuildFile; fileRef = 77FFC8BC1B74D65D009843D6 /* Images.xcassets */; };
		77FFC8C01B74D65D009843D6 /* LaunchScreen.xib in Resources */ = {isa = PBXBuildFile; fileRef = 77FFC8BE1B74D65D009843D6 /* LaunchScreen.xib */; };
		77FFC8CC1B74D65D009843D6 /* HomeWorkTests.m in Sources */ = {isa = PBXBuildFile; fileRef = 77FFC8CB1B74D65D009843D6 /* HomeWorkTests.m */; };
		77FFC8D71B74D8C7009843D6 /* FactoryServersNetwork.m in Sources */ = {isa = PBXBuildFile; fileRef = 77FFC8D61B74D8C7009843D6 /* FactoryServersNetwork.m */; };
/* End PBXBuildFile section */

/* Begin PBXContainerItemProxy section */
		77FFC8C61B74D65D009843D6 /* PBXContainerItemProxy */ = {
			isa = PBXContainerItemProxy;
			containerPortal = 77FFC8A41B74D65D009843D6 /* Project object */;
			proxyType = 1;
			remoteGlobalIDString = 77FFC8AB1B74D65D009843D6;
			remoteInfo = HomeWork;
		};
/* End PBXContainerItemProxy section */

/* Begin PBXFileReference section */
		77FFC8AC1B74D65D009843D6 /* HomeWork.app */ = {isa = PBXFileReference; explicitFileType = wrapper.application; includeInIndex = 0; path = HomeWork.app; sourceTree = BUILT_PRODUCTS_DIR; };
		77FFC8B01B74D65D009843D6 /* Info.plist */ = {isa = PBXFileReference; lastKnownFileType = text.plist.xml; path = Info.plist; sourceTree = "<group>"; };
		77FFC8B11B74D65D009843D6 /* main.m */ = {isa = PBXFileReference; lastKnownFileType = sourcecode.c.objc; path = main.m; sourceTree = "<group>"; };
		77FFC8B31B74D65D009843D6 /* AppDelegate.h */ = {isa = PBXFileReference; lastKnownFileType = sourcecode.c.h; path = AppDelegate.h; sourceTree = "<group>"; };
		77FFC8B41B74D65D009843D6 /* AppDelegate.m */ = {isa = PBXFileReference; lastKnownFileType = sourcecode.c.objc; path = AppDelegate.m; sourceTree = "<group>"; };
		77FFC8B61B74D65D009843D6 /* ViewController.h */ = {isa = PBXFileReference; lastKnownFileType = sourcecode.c.h; path = ViewController.h; sourceTree = "<group>"; };
		77FFC8B71B74D65D009843D6 /* ViewController.m */ = {isa = PBXFileReference; lastKnownFileType = sourcecode.c.objc; path = ViewController.m; sourceTree = "<group>"; };
		77FFC8BA1B74D65D009843D6 /* Base */ = {isa = PBXFileReference; lastKnownFileType = file.storyboard; name = Base; path = Base.lproj/Main.storyboard; sourceTree = "<group>"; };
		77FFC8BC1B74D65D009843D6 /* Images.xcassets */ = {isa = PBXFileReference; lastKnownFileType = folder.assetcatalog; path = Images.xcassets; sourceTree = "<group>"; };
		77FFC8BF1B74D65D009843D6 /* Base */ = {isa = PBXFileReference; lastKnownFileType = file.xib; name = Base; path = Base.lproj/LaunchScreen.xib; sourceTree = "<group>"; };
		77FFC8C51B74D65D009843D6 /* HomeWorkTests.xctest */ = {isa = PBXFileReference; explicitFileType = wrapper.cfbundle; includeInIndex = 0; path = HomeWorkTests.xctest; sourceTree = BUILT_PRODUCTS_DIR; };
		77FFC8CA1B74D65D009843D6 /* Info.plist */ = {isa = PBXFileReference; lastKnownFileType = text.plist.xml; path = Info.plist; sourceTree = "<group>"; };
		77FFC8CB1B74D65D009843D6 /* HomeWorkTests.m */ = {isa = PBXFileReference; lastKnownFileType = sourcecode.c.objc; path = HomeWorkTests.m; sourceTree = "<group>"; };
		77FFC8D51B74D8C7009843D6 /* FactoryServersNetwork.h */ = {isa = PBXFileReference; fileEncoding = 4; lastKnownFileType = sourcecode.c.h; path = FactoryServersNetwork.h; sourceTree = "<group>"; };
		77FFC8D61B74D8C7009843D6 /* FactoryServersNetwork.m */ = {isa = PBXFileReference; fileEncoding = 4; lastKnownFileType = sourcecode.c.objc; path = FactoryServersNetwork.m; sourceTree = "<group>"; };
/* End PBXFileReference section */

/* Begin PBXFrameworksBuildPhase section */
		77FFC8A91B74D65D009843D6 /* Frameworks */ = {
			isa = PBXFrameworksBuildPhase;
			buildActionMask = 2147483647;
			files = (
			);
			runOnlyForDeploymentPostprocessing = 0;
		};
		77FFC8C21B74D65D009843D6 /* Frameworks */ = {
			isa = PBXFrameworksBuildPhase;
			buildActionMask = 2147483647;
			files = (
			);
			runOnlyForDeploymentPostprocessing = 0;
		};
/* End PBXFrameworksBuildPhase section */

/* Begin PBXGroup section */
		77FFC8A31B74D65D009843D6 = {
			isa = PBXGroup;
			children = (
				77FFC8D51B74D8C7009843D6 /* FactoryServersNetwork.h */,
				77FFC8D61B74D8C7009843D6 /* FactoryServersNetwork.m */,
				77FFC8AE1B74D65D009843D6 /* HomeWork */,
				77FFC8C81B74D65D009843D6 /* HomeWorkTests */,
				77FFC8AD1B74D65D009843D6 /* Products */,
			);
			sourceTree = "<group>";
		};
		77FFC8AD1B74D65D009843D6 /* Products */ = {
			isa = PBXGroup;
			children = (
				77FFC8AC1B74D65D009843D6 /* HomeWork.app */,
				77FFC8C51B74D65D009843D6 /* HomeWorkTests.xctest */,
			);
			name = Products;
			sourceTree = "<group>";
		};
		77FFC8AE1B74D65D009843D6 /* HomeWork */ = {
			isa = PBXGroup;
			children = (
				77FFC8B31B74D65D009843D6 /* AppDelegate.h */,
				77FFC8B41B74D65D009843D6 /* AppDelegate.m */,
				77FFC8B61B74D65D009843D6 /* ViewController.h */,
				77FFC8B71B74D65D009843D6 /* ViewController.m */,
				77FFC8B91B74D65D009843D6 /* Main.storyboard */,
				77FFC8BC1B74D65D009843D6 /* Images.xcassets */,
				77FFC8BE1B74D65D009843D6 /* LaunchScreen.xib */,
				77FFC8AF1B74D65D009843D6 /* Supporting Files */,
			);
			path = HomeWork;
			sourceTree = "<group>";
		};
		77FFC8AF1B74D65D009843D6 /* Supporting Files */ = {
			isa = PBXGroup;
			children = (
				77FFC8B01B74D65D009843D6 /* Info.plist */,
				77FFC8B11B74D65D009843D6 /* main.m */,
			);
			name = "Supporting Files";
			sourceTree = "<group>";
		};
		77FFC8C81B74D65D009843D6 /* HomeWorkTests */ = {
			isa = PBXGroup;
			children = (
				77FFC8CB1B74D65D009843D6 /* HomeWorkTests.m */,
				77FFC8C91B74D65D009843D6 /* Supporting Files */,
			);
			path = HomeWorkTests;
			sourceTree = "<group>";
		};
		77FFC8C91B74D65D009843D6 /* Supporting Files */ = {
			isa = PBXGroup;
			children = (
				77FFC8CA1B74D65D009843D6 /* Info.plist */,
			);
			name = "Supporting Files";
			sourceTree = "<group>";
		};
/* End PBXGroup section */

/* Begin PBXNativeTarget section */
		77FFC8AB1B74D65D009843D6 /* HomeWork */ = {
			isa = PBXNativeTarget;
			buildConfigurationList = 77FFC8CF1B74D65D009843D6 /* Build configuration list for PBXNativeTarget "HomeWork" */;
			buildPhases = (
				77FFC8A81B74D65D009843D6 /* Sources */,
				77FFC8A91B74D65D009843D6 /* Frameworks */,
				77FFC8AA1B74D65D009843D6 /* Resources */,
			);
			buildRules = (
			);
			dependencies = (
			);
			name = HomeWork;
			productName = HomeWork;
			productReference = 77FFC8AC1B74D65D009843D6 /* HomeWork.app */;
			productType = "com.apple.product-type.application";
		};
		77FFC8C41B74D65D009843D6 /* HomeWorkTests */ = {
			isa = PBXNativeTarget;
			buildConfigurationList = 77FFC8D21B74D65D009843D6 /* Build configuration list for PBXNativeTarget "HomeWorkTests" */;
			buildPhases = (
				77FFC8C11B74D65D009843D6 /* Sources */,
				77FFC8C21B74D65D009843D6 /* Frameworks */,
				77FFC8C31B74D65D009843D6 /* Resources */,
			);
			buildRules = (
			);
			dependencies = (
				77FFC8C71B74D65D009843D6 /* PBXTargetDependency */,
			);
			name = HomeWorkTests;
			productName = HomeWorkTests;
			productReference = 77FFC8C51B74D65D009843D6 /* HomeWorkTests.xctest */;
			productType = "com.apple.product-type.bundle.unit-test";
		};
/* End PBXNativeTarget section */

/* Begin PBXProject section */
		77FFC8A41B74D65D009843D6 /* Project object */ = {
			isa = PBXProject;
			attributes = {
				LastUpgradeCheck = 0640;
				ORGANIZATIONNAME = Viktor;
				TargetAttributes = {
					77FFC8AB1B74D65D009843D6 = {
						CreatedOnToolsVersion = 6.4;
					};
					77FFC8C41B74D65D009843D6 = {
						CreatedOnToolsVersion = 6.4;
						TestTargetID = 77FFC8AB1B74D65D009843D6;
					};
				};
			};
			buildConfigurationList = 77FFC8A71B74D65D009843D6 /* Build configuration list for PBXProject "HomeWork" */;
			compatibilityVersion = "Xcode 3.2";
			developmentRegion = English;
			hasScannedForEncodings = 0;
			knownRegions = (
				en,
				Base,
			);
			mainGroup = 77FFC8A31B74D65D009843D6;
			productRefGroup = 77FFC8AD1B74D65D009843D6 /* Products */;
			projectDirPath = "";
			projectRoot = "";
			targets = (
				77FFC8AB1B74D65D009843D6 /* HomeWork */,
				77FFC8C41B74D65D009843D6 /* HomeWorkTests */,
			);
		};
/* End PBXProject section */

/* Begin PBXResourcesBuildPhase section */
		77FFC8AA1B74D65D009843D6 /* Resources */ = {
			isa = PBXResourcesBuildPhase;
			buildActionMask = 2147483647;
			files = (
				77FFC8BB1B74D65D009843D6 /* Main.storyboard in Resources */,
				77FFC8C01B74D65D009843D6 /* LaunchScreen.xib in Resources */,
				77FFC8BD1B74D65D009843D6 /* Images.xcassets in Resources */,
			);
			runOnlyForDeploymentPostprocessing = 0;
		};
		77FFC8C31B74D65D009843D6 /* Resources */ = {
			isa = PBXResourcesBuildPhase;
			buildActionMask = 2147483647;
			files = (
			);
			runOnlyForDeploymentPostprocessing = 0;
		};
/* End PBXResourcesBuildPhase section */

/* Begin PBXSourcesBuildPhase section */
		77FFC8A81B74D65D009843D6 /* Sources */ = {
			isa = PBXSourcesBuildPhase;
			buildActionMask = 2147483647;
			files = (
				77FFC8B81B74D65D009843D6 /* ViewController.m in Sources */,
				77FFC8B51B74D65D009843D6 /* AppDelegate.m in Sources */,
				77FFC8D71B74D8C7009843D6 /* FactoryServersNetwork.m in Sources */,
				77FFC8B21B74D65D009843D6 /* main.m in Sources */,
			);
			runOnlyForDeploymentPostprocessing = 0;
		};
		77FFC8C11B74D65D009843D6 /* Sources */ = {
			isa = PBXSourcesBuildPhase;
			buildActionMask = 2147483647;
			files = (
				77FFC8CC1B74D65D009843D6 /* HomeWorkTests.m in Sources */,
			);
			runOnlyForDeploymentPostprocessing = 0;
		};
/* End PBXSourcesBuildPhase section */

/* Begin PBXTargetDependency section */
		77FFC8C71B74D65D009843D6 /* PBXTargetDependency */ = {
			isa = PBXTargetDependency;
			target = 77FFC8AB1B74D65D009843D6 /* HomeWork */;
			targetProxy = 77FFC8C61B74D65D009843D6 /* PBXContainerItemProxy */;
		};
/* End PBXTargetDependency section */

/* Begin PBXVariantGroup section */
		77FFC8B91B74D65D009843D6 /* Main.storyboard */ = {
			isa = PBXVariantGroup;
			children = (
				77FFC8BA1B74D65D009843D6 /* Base */,
			);
			name = Main.storyboard;
			sourceTree = "<group>";
		};
		77FFC8BE1B74D65D009843D6 /* LaunchScreen.xib */ = {
			isa = PBXVariantGroup;
			children = (
				77FFC8BF1B74D65D009843D6 /* Base */,
			);
			name = LaunchScreen.xib;
			sourceTree = "<group>";
		};
/* End PBXVariantGroup section */

/* Begin XCBuildConfiguration section */
		77FFC8CD1B74D65D009843D6 /* Debug */ = {
			isa = XCBuildConfiguration;
			buildSettings = {
				ALWAYS_SEARCH_USER_PATHS = NO;
				CLANG_CXX_LANGUAGE_STANDARD = "gnu++0x";
				CLANG_CXX_LIBRARY = "libc++";
				CLANG_ENABLE_MODULES = YES;
				CLANG_ENABLE_OBJC_ARC = YES;
				CLANG_WARN_BOOL_CONVERSION = YES;
				CLANG_WARN_CONSTANT_CONVERSION = YES;
				CLANG_WARN_DIRECT_OBJC_ISA_USAGE = YES_ERROR;
				CLANG_WARN_EMPTY_BODY = YES;
				CLANG_WARN_ENUM_CONVERSION = YES;
				CLANG_WARN_INT_CONVERSION = YES;
				CLANG_WARN_OBJC_ROOT_CLASS = YES_ERROR;
				CLANG_WARN_UNREACHABLE_CODE = YES;
				CLANG_WARN__DUPLICATE_METHOD_MATCH = YES;
				"CODE_SIGN_IDENTITY[sdk=iphoneos*]" = "iPhone Developer";
				COPY_PHASE_STRIP = NO;
				DEBUG_INFORMATION_FORMAT = "dwarf-with-dsym";
				ENABLE_STRICT_OBJC_MSGSEND = YES;
				GCC_C_LANGUAGE_STANDARD = gnu99;
				GCC_DYNAMIC_NO_PIC = NO;
				GCC_NO_COMMON_BLOCKS = YES;
				GCC_OPTIMIZATION_LEVEL = 0;
				GCC_PREPROCESSOR_DEFINITIONS = (
					"DEBUG=1",
					"$(inherited)",
				);
				GCC_SYMBOLS_PRIVATE_EXTERN = NO;
				GCC_WARN_64_TO_32_BIT_CONVERSION = YES;
				GCC_WARN_ABOUT_RETURN_TYPE = YES_ERROR;
				GCC_WARN_UNDECLARED_SELECTOR = YES;
				GCC_WARN_UNINITIALIZED_AUTOS = YES_AGGRESSIVE;
				GCC_WARN_UNUSED_FUNCTION = YES;
				GCC_WARN_UNUSED_VARIABLE = YES;
				IPHONEOS_DEPLOYMENT_TARGET = 8.4;
				MTL_ENABLE_DEBUG_INFO = YES;
				ONLY_ACTIVE_ARCH = YES;
				SDKROOT = iphoneos;
			};
			name = Debug;
		};
		77FFC8CE1B74D65D009843D6 /* Release */ = {
			isa = XCBuildConfiguration;
			buildSettings = {
				ALWAYS_SEARCH_USER_PATHS = NO;
				CLANG_CXX_LANGUAGE_STANDARD = "gnu++0x";
				CLANG_CXX_LIBRARY = "libc++";
				CLANG_ENABLE_MODULES = YES;
				CLANG_ENABLE_OBJC_ARC = YES;
				CLANG_WARN_BOOL_CONVERSION = YES;
				CLANG_WARN_CONSTANT_CONVERSION = YES;
				CLANG_WARN_DIRECT_OBJC_ISA_USAGE = YES_ERROR;
				CLANG_WARN_EMPTY_BODY = YES;
				CLANG_WARN_ENUM_CONVERSION = YES;
				CLANG_WARN_INT_CONVERSION = YES;
				CLANG_WARN_OBJC_ROOT_CLASS = YES_ERROR;
				CLANG_WARN_UNREACHABLE_CODE = YES;
				CLANG_WARN__DUPLICATE_METHOD_MATCH = YES;
				"CODE_SIGN_IDENTITY[sdk=iphoneos*]" = "iPhone Developer";
				COPY_PHASE_STRIP = NO;
				DEBUG_INFORMATION_FORMAT = "dwarf-with-dsym";
				ENABLE_NS_ASSERTIONS = NO;
				ENABLE_STRICT_OBJC_MSGSEND = YES;
				GCC_C_LANGUAGE_STANDARD = gnu99;
				GCC_NO_COMMON_BLOCKS = YES;
				GCC_WARN_64_TO_32_BIT_CONVERSION = YES;
				GCC_WARN_ABOUT_RETURN_TYPE = YES_ERROR;
				GCC_WARN_UNDECLARED_SELECTOR = YES;
				GCC_WARN_UNINITIALIZED_AUTOS = YES_AGGRESSIVE;
				GCC_WARN_UNUSED_FUNCTION = YES;
				GCC_WARN_UNUSED_VARIABLE = YES;
				IPHONEOS_DEPLOYMENT_TARGET = 8.4;
				MTL_ENABLE_DEBUG_INFO = NO;
				SDKROOT = iphoneos;
				VALIDATE_PRODUCT = YES;
			};
			name = Release;
		};
		77FFC8D01B74D65D009843D6 /* Debug */ = {
			isa = XCBuildConfiguration;
			buildSettings = {
				ASSETCATALOG_COMPILER_APPICON_NAME = AppIcon;
				INFOPLIST_FILE = HomeWork/Info.plist;
				LD_RUNPATH_SEARCH_PATHS = "$(inherited) @executable_path/Frameworks";
				PRODUCT_NAME = "$(TARGET_NAME)";
			};
			name = Debug;
		};
		77FFC8D11B74D65D009843D6 /* Release */ = {
			isa = XCBuildConfiguration;
			buildSettings = {
				ASSETCATALOG_COMPILER_APPICON_NAME = AppIcon;
				INFOPLIST_FILE = HomeWork/Info.plist;
				LD_RUNPATH_SEARCH_PATHS = "$(inherited) @executable_path/Frameworks";
				PRODUCT_NAME = "$(TARGET_NAME)";
			};
			name = Release;
		};
		77FFC8D31B74D65D009843D6 /* Debug */ = {
			isa = XCBuildConfiguration;
			buildSettings = {
				BUNDLE_LOADER = "$(TEST_HOST)";
				FRAMEWORK_SEARCH_PATHS = (
					"$(SDKROOT)/Developer/Library/Frameworks",
					"$(inherited)",
				);
				GCC_PREPROCESSOR_DEFINITIONS = (
					"DEBUG=1",
					"$(inherited)",
				);
				INFOPLIST_FILE = HomeWorkTests/Info.plist;
				LD_RUNPATH_SEARCH_PATHS = "$(inherited) @executable_path/Frameworks @loader_path/Frameworks";
				PRODUCT_NAME = "$(TARGET_NAME)";
				TEST_HOST = "$(BUILT_PRODUCTS_DIR)/HomeWork.app/HomeWork";
			};
			name = Debug;
		};
		77FFC8D41B74D65D009843D6 /* Release */ = {
			isa = XCBuildConfiguration;
			buildSettings = {
				BUNDLE_LOADER = "$(TEST_HOST)";
				FRAMEWORK_SEARCH_PATHS = (
					"$(SDKROOT)/Developer/Library/Frameworks",
					"$(inherited)",
				);
				INFOPLIST_FILE = HomeWorkTests/Info.plist;
				LD_RUNPATH_SEARCH_PATHS = "$(inherited) @executable_path/Frameworks @loader_path/Frameworks";
				PRODUCT_NAME = "$(TARGET_NAME)";
				TEST_HOST = "$(BUILT_PRODUCTS_DIR)/HomeWork.app/HomeWork";
			};
			name = Release;
		};
/* End XCBuildConfiguration section */

/* Begin XCConfigurationList section */
		77FFC8A71B74D65D009843D6 /* Build configuration list for PBXProject "HomeWork" */ = {
			isa = XCConfigurationList;
			buildConfigurations = (
				77FFC8CD1B74D65D009843D6 /* Debug */,
				77FFC8CE1B74D65D009843D6 /* Release */,
			);
			defaultConfigurationIsVisible = 0;
			defaultConfigurationName = Release;
		};
		77FFC8CF1B74D65D009843D6 /* Build configuration list for PBXNativeTarget "HomeWork" */ = {
			isa = XCConfigurationList;
			buildConfigurations = (
				77FFC8D01B74D65D009843D6 /* Debug */,
				77FFC8D11B74D65D009843D6 /* Release */,
			);
			defaultConfigurationIsVisible = 0;
		};
		77FFC8D21B74D65D009843D6 /* Build configuration list for PBXNativeTarget "HomeWorkTests" */ = {
			isa = XCConfigurationList;
			buildConfigurations = (
				77FFC8D31B74D65D009843D6 /* Debug */,
				77FFC8D41B74D65D009843D6 /* Release */,
			);
			defaultConfigurationIsVisible = 0;
		};
/* End XCConfigurationList section */
	};
	rootObject = 77FFC8A41B74D65D009843D6 /* Project object */;
}
